
Microsoft Visual Studio Solution File, Format Version 12.00
# Visual Studio 2012
Project("{FAE04EC0-301F-11D3-BF4B-00C04F79EFBC}") = "System.Net.Rina", "System.Net.Rina\System.Net.Rina.csproj", "{6693EE92-2E48-4D8B-8CAB-043846B7CEE5}"
EndProject
Global
	GlobalSection(SolutionConfigurationPlatforms) = preSolution
		Debug|Any CPU = Debug|Any CPU
		Release|Any CPU = Release|Any CPU
	EndGlobalSection
	GlobalSection(ProjectConfigurationPlatforms) = postSolution
		{6693EE92-2E48-4D8B-8CAB-043846B7CEE5}.Debug|Any CPU.ActiveCfg = Debug|Any CPU
		{6693EE92-2E48-4D8B-8CAB-043846B7CEE5}.Debug|Any CPU.Build.0 = Debug|Any CPU
		{6693EE92-2E48-4D8B-8CAB-043846B7CEE5}.Release|Any CPU.ActiveCfg = Release|Any CPU
		{6693EE92-2E48-4D8B-8CAB-043846B7CEE5}.Release|Any CPU.Build.0 = Release|Any CPU
	EndGlobalSection
	GlobalSection(MonoDevelopProperties) = preSolution
		StartupItem = System.Net.Rina\System.Net.Rina.csproj
	EndGlobalSection
EndGlobal
